
Microsoft Visual Studio Solution File, Format Version 12.00
# Visual Studio Version 17
VisualStudioVersion = 17.11.35312.102
MinimumVisualStudioVersion = 10.0.40219.1
Project("{FAE04EC0-301F-11D3-BF4B-00C04F79EFBC}") = "Affililate_Web", "Affililate_Web\Affililate_Web.csproj", "{111DE7E8-C4AB-4565-B4A1-F1BE25FBA562}"
EndProject
Global
	GlobalSection(SolutionConfigurationPlatforms) = preSolution
		Debug|Any CPU = Debug|Any CPU
		Release|Any CPU = Release|Any CPU
	EndGlobalSection
	GlobalSection(ProjectConfigurationPlatforms) = postSolution
		{111DE7E8-C4AB-4565-B4A1-F1BE25FBA562}.Debug|Any CPU.ActiveCfg = Debug|Any CPU
		{111DE7E8-C4AB-4565-B4A1-F1BE25FBA562}.Debug|Any CPU.Build.0 = Debug|Any CPU
		{111DE7E8-C4AB-4565-B4A1-F1BE25FBA562}.Release|Any CPU.ActiveCfg = Release|Any CPU
		{111DE7E8-C4AB-4565-B4A1-F1BE25FBA562}.Release|Any CPU.Build.0 = Release|Any CPU
	EndGlobalSection
	GlobalSection(SolutionProperties) = preSolution
		HideSolutionNode = FALSE
	EndGlobalSection
	GlobalSection(ExtensibilityGlobals) = postSolution
		SolutionGuid = {0567C8BF-BEBD-4BF1-8329-4C8BB8E870EC}
	EndGlobalSection
EndGlobal
